{
  "pins" : [
    {
      "identity" : "skip",
      "kind" : "remoteSourceControl",
      "location" : "https://source.skip.tools/skip.git",
      "state" : {
        "revision" : "e2f04fa7f07ff525de663be382800e2ccd0b39f2",
        "version" : "0.8.36"
      }
    },
    {
      "identity" : "skip-foundation",
      "kind" : "remoteSourceControl",
      "location" : "https://source.skip.tools/skip-foundation.git",
      "state" : {
        "revision" : "8ee93e9e3edd263cb9dfe616a0bed8619591b7ce",
        "version" : "0.6.4"
      }
    },
    {
      "identity" : "skip-lib",
      "kind" : "remoteSourceControl",
      "location" : "https://source.skip.tools/skip-lib.git",
      "state" : {
        "revision" : "2c269fdf69c9372efeaf93abd5e94f03b4ac83c2",
        "version" : "0.7.8"
      }
    },
    {
      "identity" : "skip-model",
      "kind" : "remoteSourceControl",
      "location" : "https://source.skip.tools/skip-model.git",
      "state" : {
        "revision" : "200b6ab3f0871ed6e2d50ea82f32708dfdd25e21",
        "version" : "0.6.0"
      }
    },
    {
      "identity" : "skip-ui",
      "kind" : "remoteSourceControl",
      "location" : "https://source.skip.tools/skip-ui.git",
      "state" : {
        "revision" : "5005f638d471d5ae5c118d4d71d037d955c54be3",
        "version" : "0.8.3"
      }
    },
    {
      "identity" : "skip-unit",
      "kind" : "remoteSourceControl",
      "location" : "https://source.skip.tools/skip-unit.git",
      "state" : {
        "revision" : "61d6e0ed30b3f98293c6a8dd94ed1aa08152c050",
        "version" : "0.6.5"
      }
    }
  ],
  "version" : 2
}
